{
  "name": "speech",
  "version": "1.0.0",
  "lockfileVersion": 1,
  "requires": true,
  "dependencies": {
    "node-microphone": {
      "version": "0.1.5",
      "resolved": "https://registry.npmjs.org/node-microphone/-/node-microphone-0.1.5.tgz",
      "integrity": "sha512-pfInNR0QGt+keErJrX6hQP1BMQMZQno791Xugjgf0crRi6QEMSjNf7Wo16qK0u5zwAozE7X05twmy5fte00TyA=="
    }
  }
}
